// !$*UTF8*$!
{
	archiveVersion = 1;
	classes = {
	};
	objectVersion = 46;
	objects = {

/* Begin PBXBuildFile section */
		5146D1531DE9588400D6B172 /* AppDelegate.swift in Sources */ = {isa = PBXBuildFile; fileRef = 5146D1521DE9588400D6B172 /* AppDelegate.swift */; };
		5146D1551DE9588400D6B172 /* ViewController.swift in Sources */ = {isa = PBXBuildFile; fileRef = 5146D1541DE9588400D6B172 /* ViewController.swift */; };
		5146D1581DE9588400D6B172 /* Main.storyboard in Resources */ = {isa = PBXBuildFile; fileRef = 5146D1561DE9588400D6B172 /* Main.storyboard */; };
		5146D15A1DE9588400D6B172 /* Assets.xcassets in Resources */ = {isa = PBXBuildFile; fileRef = 5146D1591DE9588400D6B172 /* Assets.xcassets */; };
		5146D15D1DE9588400D6B172 /* LaunchScreen.storyboard in Resources */ = {isa = PBXBuildFile; fileRef = 5146D15B1DE9588400D6B172 /* LaunchScreen.storyboard */; };
/* End PBXBuildFile section */

/* Begin PBXFileReference section */
		5146D14F1DE9588400D6B172 /* RefreshabrailleTest.app */ = {isa = PBXFileReference; explicitFileType = wrapper.application; includeInIndex = 0; path = RefreshabrailleTest.app; sourceTree = BUILT_PRODUCTS_DIR; };
		5146D1521DE9588400D6B172 /* AppDelegate.swift */ = {isa = PBXFileReference; lastKnownFileType = sourcecode.swift; path = AppDelegate.swift; sourceTree = "<group>"; };
		5146D1541DE9588400D6B172 /* ViewController.swift */ = {isa = PBXFileReference; lastKnownFileType = sourcecode.swift; path = ViewController.swift; sourceTree = "<group>"; };
		5146D1571DE9588400D6B172 /* Base */ = {isa = PBXFileReference; lastKnownFileType = file.storyboard; name = Base; path = Base.lproj/Main.storyboard; sourceTree = "<group>"; };
		5146D1591DE9588400D6B172 /* Assets.xcassets */ = {isa = PBXFileReference; lastKnownFileType = folder.assetcatalog; path = Assets.xcassets; sourceTree = "<group>"; };
		5146D15C1DE9588400D6B172 /* Base */ = {isa = PBXFileReference; lastKnownFileType = file.storyboard; name = Base; path = Base.lproj/LaunchScreen.storyboard; sourceTree = "<group>"; };
		5146D15E1DE9588400D6B172 /* Info.plist */ = {isa = PBXFileReference; lastKnownFileType = text.plist.xml; path = Info.plist; sourceTree = "<group>"; };
/* End PBXFileReference section */

/* Begin PBXFrameworksBuildPhase section */
		5146D14C1DE9588400D6B172 /* Frameworks */ = {
			isa = PBXFrameworksBuildPhase;
			buildActionMask = 2147483647;
			files = (
			);
			runOnlyForDeploymentPostprocessing = 0;
		};
/* End PBXFrameworksBuildPhase section */

/* Begin PBXGroup section */
		5146D1461DE9588400D6B172 = {
			isa = PBXGroup;
			children = (
				5146D1511DE9588400D6B172 /* RefreshabrailleTest */,
				5146D1501DE9588400D6B172 /* Products */,
			);
			sourceTree = "<group>";
		};
		5146D1501DE9588400D6B172 /* Products */ = {
			isa = PBXGroup;
			children = (
				5146D14F1DE9588400D6B172 /* RefreshabrailleTest.app */,
			);
			name = Products;
			sourceTree = "<group>";
		};
		5146D1511DE9588400D6B172 /* RefreshabrailleTest */ = {
			isa = PBXGroup;
			children = (
				5146D1521DE9588400D6B172 /* AppDelegate.swift */,
				5146D1541DE9588400D6B172 /* ViewController.swift */,
				5146D1561DE9588400D6B172 /* Main.storyboard */,
				5146D1591DE9588400D6B172 /* Assets.xcassets */,
				5146D15B1DE9588400D6B172 /* LaunchScreen.storyboard */,
				5146D15E1DE9588400D6B172 /* Info.plist */,
			);
			path = RefreshabrailleTest;
			sourceTree = "<group>";
		};
/* End PBXGroup section */

/* Begin PBXNativeTarget section */
		5146D14E1DE9588400D6B172 /* RefreshabrailleTest */ = {
			isa = PBXNativeTarget;
			buildConfigurationList = 5146D1611DE9588400D6B172 /* Build configuration list for PBXNativeTarget "RefreshabrailleTest" */;
			buildPhases = (
				5146D14B1DE9588400D6B172 /* Sources */,
				5146D14C1DE9588400D6B172 /* Frameworks */,
				5146D14D1DE9588400D6B172 /* Resources */,
			);
			buildRules = (
			);
			dependencies = (
			);
			name = RefreshabrailleTest;
			productName = RefreshabrailleTest;
			productReference = 5146D14F1DE9588400D6B172 /* RefreshabrailleTest.app */;
			productType = "com.apple.product-type.application";
		};
/* End PBXNativeTarget section */

/* Begin PBXProject section */
		5146D1471DE9588400D6B172 /* Project object */ = {
			isa = PBXProject;
			attributes = {
				LastSwiftUpdateCheck = 0810;
				LastUpgradeCheck = 0810;
				ORGANIZATIONNAME = "Adam Croser";
				TargetAttributes = {
					5146D14E1DE9588400D6B172 = {
						CreatedOnToolsVersion = 8.1;
						DevelopmentTeam = 5SU9PVW7XA;
						ProvisioningStyle = Automatic;
					};
				};
			};
			buildConfigurationList = 5146D14A1DE9588400D6B172 /* Build configuration list for PBXProject "RefreshabrailleTest" */;
			compatibilityVersion = "Xcode 3.2";
			developmentRegion = English;
			hasScannedForEncodings = 0;
			knownRegions = (
				en,
				Base,
			);
			mainGroup = 5146D1461DE9588400D6B172;
			productRefGroup = 5146D1501DE9588400D6B172 /* Products */;
			projectDirPath = "";
			projectRoot = "";
			targets = (
				5146D14E1DE9588400D6B172 /* RefreshabrailleTest */,
			);
		};
/* End PBXProject section */

/* Begin PBXResourcesBuildPhase section */
		5146D14D1DE9588400D6B172 /* Resources */ = {
			isa = PBXResourcesBuildPhase;
			buildActionMask = 2147483647;
			files = (
				5146D15D1DE9588400D6B172 /* LaunchScreen.storyboard in Resources */,
				5146D15A1DE9588400D6B172 /* Assets.xcassets in Resources */,
				5146D1581DE9588400D6B172 /* Main.storyboard in Resources */,
			);
			runOnlyForDeploymentPostprocessing = 0;
		};
/* End PBXResourcesBuildPhase section */

/* Begin PBXSourcesBuildPhase section */
		5146D14B1DE9588400D6B172 /* Sources */ = {
			isa = PBXSourcesBuildPhase;
			buildActionMask = 2147483647;
			files = (
				5146D1551DE9588400D6B172 /* ViewController.swift in Sources */,
				5146D1531DE9588400D6B172 /* AppDelegate.swift in Sources */,
			);
			runOnlyForDeploymentPostprocessing = 0;
		};
/* End PBXSourcesBuildPhase section */

/* Begin PBXVariantGroup section */
		5146D1561DE9588400D6B172 /* Main.storyboard */ = {
			isa = PBXVariantGroup;
			children = (
				5146D1571DE9588400D6B172 /* Base */,
			);
			name = Main.storyboard;
			sourceTree = "<group>";
		};
		5146D15B1DE9588400D6B172 /* LaunchScreen.storyboard */ = {
			isa = PBXVariantGroup;
			children = (
				5146D15C1DE9588400D6B172 /* Base */,
			);
			name = LaunchScreen.storyboard;
			sourceTree = "<group>";
		};
/* End PBXVariantGroup section */

/* Begin XCBuildConfiguration section */
		5146D15F1DE9588400D6B172 /* Debug */ = {
			isa = XCBuildConfiguration;
			buildSettings = {
				ALWAYS_SEARCH_USER_PATHS = NO;
				CLANG_ANALYZER_NONNULL = YES;
				CLANG_CXX_LANGUAGE_STANDARD = "gnu++0x";
				CLANG_CXX_LIBRARY = "libc++";
				CLANG_ENABLE_MODULES = YES;
				CLANG_ENABLE_OBJC_ARC = YES;
				CLANG_WARN_BOOL_CONVERSION = YES;
				CLANG_WARN_CONSTANT_CONVERSION = YES;
				CLANG_WARN_DIRECT_OBJC_ISA_USAGE = YES_ERROR;
				CLANG_WARN_DOCUMENTATION_COMMENTS = YES;
				CLANG_WARN_EMPTY_BODY = YES;
				CLANG_WARN_ENUM_CONVERSION = YES;
				CLANG_WARN_INFINITE_RECURSION = YES;
				CLANG_WARN_INT_CONVERSION = YES;
				CLANG_WARN_OBJC_ROOT_CLASS = YES_ERROR;
				CLANG_WARN_SUSPICIOUS_MOVES = YES;
				CLANG_WARN_UNREACHABLE_CODE = YES;
				CLANG_WARN__DUPLICATE_METHOD_MATCH = YES;
				"CODE_SIGN_IDENTITY[sdk=iphoneos*]" = "iPhone Developer";
				COPY_PHASE_STRIP = NO;
				DEBUG_INFORMATION_FORMAT = dwarf;
				ENABLE_STRICT_OBJC_MSGSEND = YES;
				ENABLE_TESTABILITY = YES;
				GCC_C_LANGUAGE_STANDARD = gnu99;
				GCC_DYNAMIC_NO_PIC = NO;
				GCC_NO_COMMON_BLOCKS = YES;
				GCC_OPTIMIZATION_LEVEL = 0;
				GCC_PREPROCESSOR_DEFINITIONS = (
					"DEBUG=1",
					"$(inherited)",
				);
				GCC_WARN_64_TO_32_BIT_CONVERSION = YES;
				GCC_WARN_ABOUT_RETURN_TYPE = YES_ERROR;
				GCC_WARN_UNDECLARED_SELECTOR = YES;
				GCC_WARN_UNINITIALIZED_AUTOS = YES_AGGRESSIVE;
				GCC_WARN_UNUSED_FUNCTION = YES;
				GCC_WARN_UNUSED_VARIABLE = YES;
				IPHONEOS_DEPLOYMENT_TARGET = 10.1;
				MTL_ENABLE_DEBUG_INFO = YES;
				ONLY_ACTIVE_ARCH = YES;
				SDKROOT = iphoneos;
				SWIFT_ACTIVE_COMPILATION_CONDITIONS = DEBUG;
				SWIFT_OPTIMIZATION_LEVEL = "-Onone";
				TARGETED_DEVICE_FAMILY = "1,2";
			};
			name = Debug;
		};
		5146D1601DE9588400D6B172 /* Release */ = {
			isa = XCBuildConfiguration;
			buildSettings = {
				ALWAYS_SEARCH_USER_PATHS = NO;
				CLANG_ANALYZER_NONNULL = YES;
				CLANG_CXX_LANGUAGE_STANDARD = "gnu++0x";
				CLANG_CXX_LIBRARY = "libc++";
				CLANG_ENABLE_MODULES = YES;
				CLANG_ENABLE_OBJC_ARC = YES;
				CLANG_WARN_BOOL_CONVERSION = YES;
				CLANG_WARN_CONSTANT_CONVERSION = YES;
				CLANG_WARN_DIRECT_OBJC_ISA_USAGE = YES_ERROR;
				CLANG_WARN_DOCUMENTATION_COMMENTS = YES;
				CLANG_WARN_EMPTY_BODY = YES;
				CLANG_WARN_ENUM_CONVERSION = YES;
				CLANG_WARN_INFINITE_RECURSION = YES;
				CLANG_WARN_INT_CONVERSION = YES;
				CLANG_WARN_OBJC_ROOT_CLASS = YES_ERROR;
				CLANG_WARN_SUSPICIOUS_MOVES = YES;
				CLANG_WARN_UNREACHABLE_CODE = YES;
				CLANG_WARN__DUPLICATE_METHOD_MATCH = YES;
				"CODE_SIGN_IDENTITY[sdk=iphoneos*]" = "iPhone Developer";
				COPY_PHASE_STRIP = NO;
				DEBUG_INFORMATION_FORMAT = "dwarf-with-dsym";
				ENABLE_NS_ASSERTIONS = NO;
				ENABLE_STRICT_OBJC_MSGSEND = YES;
				GCC_C_LANGUAGE_STANDARD = gnu99;
				GCC_NO_COMMON_BLOCKS = YES;
				GCC_WARN_64_TO_32_BIT_CONVERSION = YES;
				GCC_WARN_ABOUT_RETURN_TYPE = YES_ERROR;
				GCC_WARN_UNDECLARED_SELECTOR = YES;
				GCC_WARN_UNINITIALIZED_AUTOS = YES_AGGRESSIVE;
				GCC_WARN_UNUSED_FUNCTION = YES;
				GCC_WARN_UNUSED_VARIABLE = YES;
				IPHONEOS_DEPLOYMENT_TARGET = 10.1;
				MTL_ENABLE_DEBUG_INFO = NO;
				SDKROOT = iphoneos;
				SWIFT_OPTIMIZATION_LEVEL = "-Owholemodule";
				TARGETED_DEVICE_FAMILY = "1,2";
				VALIDATE_PRODUCT = YES;
			};
			name = Release;
		};
		5146D1621DE9588400D6B172 /* Debug */ = {
			isa = XCBuildConfiguration;
			buildSettings = {
				ASSETCATALOG_COMPILER_APPICON_NAME = AppIcon;
				DEVELOPMENT_TEAM = 5SU9PVW7XA;
				INFOPLIST_FILE = RefreshabrailleTest/Info.plist;
				LD_RUNPATH_SEARCH_PATHS = "$(inherited) @executable_path/Frameworks";
				PRODUCT_BUNDLE_IDENTIFIER = au.com.adamcroser.RefreshabrailleTest;
				PRODUCT_NAME = "$(TARGET_NAME)";
				SWIFT_VERSION = 3.0;
			};
			name = Debug;
		};
		5146D1631DE9588400D6B172 /* Release */ = {
			isa = XCBuildConfiguration;
			buildSettings = {
				ASSETCATALOG_COMPILER_APPICON_NAME = AppIcon;
				DEVELOPMENT_TEAM = 5SU9PVW7XA;
				INFOPLIST_FILE = RefreshabrailleTest/Info.plist;
				LD_RUNPATH_SEARCH_PATHS = "$(inherited) @executable_path/Frameworks";
				PRODUCT_BUNDLE_IDENTIFIER = au.com.adamcroser.RefreshabrailleTest;
				PRODUCT_NAME = "$(TARGET_NAME)";
				SWIFT_VERSION = 3.0;
			};
			name = Release;
		};
/* End XCBuildConfiguration section */

/* Begin XCConfigurationList section */
		5146D14A1DE9588400D6B172 /* Build configuration list for PBXProject "RefreshabrailleTest" */ = {
			isa = XCConfigurationList;
			buildConfigurations = (
				5146D15F1DE9588400D6B172 /* Debug */,
				5146D1601DE9588400D6B172 /* Release */,
			);
			defaultConfigurationIsVisible = 0;
			defaultConfigurationName = Release;
		};
		5146D1611DE9588400D6B172 /* Build configuration list for PBXNativeTarget "RefreshabrailleTest" */ = {
			isa = XCConfigurationList;
			buildConfigurations = (
				5146D1621DE9588400D6B172 /* Debug */,
				5146D1631DE9588400D6B172 /* Release */,
			);
			defaultConfigurationIsVisible = 0;
		};
/* End XCConfigurationList section */
	};
	rootObject = 5146D1471DE9588400D6B172 /* Project object */;
}
